
Microsoft Visual Studio Solution File, Format Version 12.00
# Visual Studio Version 16
VisualStudioVersion = 16.0.31205.134
MinimumVisualStudioVersion = 15.0.26124.0
Project("{9A19103F-16F7-4668-BE54-9A1E7A4F7556}") = "QuickBuy.Dominio", "QuickBuy.Dominio\QuickBuy.Dominio.csproj", "{9E44640C-524A-4F54-955B-21547A45B81D}"
EndProject
Project("{9A19103F-16F7-4668-BE54-9A1E7A4F7556}") = "QuickBuy.Repositorio", "QuickBuy.Repositorio\QuickBuy.Repositorio.csproj", "{F7BCC2F8-DD63-4D2B-9182-9F59809F0C65}"
EndProject
Project("{9A19103F-16F7-4668-BE54-9A1E7A4F7556}") = "QuickBuy.Web", "QuickBuy.Web\QuickBuy.Web.csproj", "{A7C2380B-DCAB-455D-B3A0-75108341C928}"
EndProject
Project("{FAE04EC0-301F-11D3-BF4B-00C04F79EFBC}") = "QuickBuy.Api.Usuarios", "QuickBuy.Api.Usuarios\QuickBuy.Api.Usuarios.csproj", "{226B364C-F78D-4363-96D6-AB4ED2A6E46C}"
EndProject
Global
	GlobalSection(SolutionConfigurationPlatforms) = preSolution
		Debug|Any CPU = Debug|Any CPU
		Debug|x64 = Debug|x64
		Debug|x86 = Debug|x86
		Release|Any CPU = Release|Any CPU
		Release|x64 = Release|x64
		Release|x86 = Release|x86
	EndGlobalSection
	GlobalSection(ProjectConfigurationPlatforms) = postSolution
		{9E44640C-524A-4F54-955B-21547A45B81D}.Debug|Any CPU.ActiveCfg = Debug|Any CPU
		{9E44640C-524A-4F54-955B-21547A45B81D}.Debug|Any CPU.Build.0 = Debug|Any CPU
		{9E44640C-524A-4F54-955B-21547A45B81D}.Debug|x64.ActiveCfg = Debug|Any CPU
		{9E44640C-524A-4F54-955B-21547A45B81D}.Debug|x64.Build.0 = Debug|Any CPU
		{9E44640C-524A-4F54-955B-21547A45B81D}.Debug|x86.ActiveCfg = Debug|Any CPU
		{9E44640C-524A-4F54-955B-21547A45B81D}.Debug|x86.Build.0 = Debug|Any CPU
		{9E44640C-524A-4F54-955B-21547A45B81D}.Release|Any CPU.ActiveCfg = Release|Any CPU
		{9E44640C-524A-4F54-955B-21547A45B81D}.Release|Any CPU.Build.0 = Release|Any CPU
		{9E44640C-524A-4F54-955B-21547A45B81D}.Release|x64.ActiveCfg = Release|Any CPU
		{9E44640C-524A-4F54-955B-21547A45B81D}.Release|x64.Build.0 = Release|Any CPU
		{9E44640C-524A-4F54-955B-21547A45B81D}.Release|x86.ActiveCfg = Release|Any CPU
		{9E44640C-524A-4F54-955B-21547A45B81D}.Release|x86.Build.0 = Release|Any CPU
		{F7BCC2F8-DD63-4D2B-9182-9F59809F0C65}.Debug|Any CPU.ActiveCfg = Debug|Any CPU
		{F7BCC2F8-DD63-4D2B-9182-9F59809F0C65}.Debug|Any CPU.Build.0 = Debug|Any CPU
		{F7BCC2F8-DD63-4D2B-9182-9F59809F0C65}.Debug|x64.ActiveCfg = Debug|Any CPU
		{F7BCC2F8-DD63-4D2B-9182-9F59809F0C65}.Debug|x64.Build.0 = Debug|Any CPU
		{F7BCC2F8-DD63-4D2B-9182-9F59809F0C65}.Debug|x86.ActiveCfg = Debug|Any CPU
		{F7BCC2F8-DD63-4D2B-9182-9F59809F0C65}.Debug|x86.Build.0 = Debug|Any CPU
		{F7BCC2F8-DD63-4D2B-9182-9F59809F0C65}.Release|Any CPU.ActiveCfg = Release|Any CPU
		{F7BCC2F8-DD63-4D2B-9182-9F59809F0C65}.Release|Any CPU.Build.0 = Release|Any CPU
		{F7BCC2F8-DD63-4D2B-9182-9F59809F0C65}.Release|x64.ActiveCfg = Release|Any CPU
		{F7BCC2F8-DD63-4D2B-9182-9F59809F0C65}.Release|x64.Build.0 = Release|Any CPU
		{F7BCC2F8-DD63-4D2B-9182-9F59809F0C65}.Release|x86.ActiveCfg = Release|Any CPU
		{F7BCC2F8-DD63-4D2B-9182-9F59809F0C65}.Release|x86.Build.0 = Release|Any CPU
		{A7C2380B-DCAB-455D-B3A0-75108341C928}.Debug|Any CPU.ActiveCfg = Debug|Any CPU
		{A7C2380B-DCAB-455D-B3A0-75108341C928}.Debug|Any CPU.Build.0 = Debug|Any CPU
		{A7C2380B-DCAB-455D-B3A0-75108341C928}.Debug|x64.ActiveCfg = Debug|Any CPU
		{A7C2380B-DCAB-455D-B3A0-75108341C928}.Debug|x64.Build.0 = Debug|Any CPU
		{A7C2380B-DCAB-455D-B3A0-75108341C928}.Debug|x86.ActiveCfg = Debug|Any CPU
		{A7C2380B-DCAB-455D-B3A0-75108341C928}.Debug|x86.Build.0 = Debug|Any CPU
		{A7C2380B-DCAB-455D-B3A0-75108341C928}.Release|Any CPU.ActiveCfg = Release|Any CPU
		{A7C2380B-DCAB-455D-B3A0-75108341C928}.Release|Any CPU.Build.0 = Release|Any CPU
		{A7C2380B-DCAB-455D-B3A0-75108341C928}.Release|x64.ActiveCfg = Release|Any CPU
		{A7C2380B-DCAB-455D-B3A0-75108341C928}.Release|x64.Build.0 = Release|Any CPU
		{A7C2380B-DCAB-455D-B3A0-75108341C928}.Release|x86.ActiveCfg = Release|Any CPU
		{A7C2380B-DCAB-455D-B3A0-75108341C928}.Release|x86.Build.0 = Release|Any CPU
		{226B364C-F78D-4363-96D6-AB4ED2A6E46C}.Debug|Any CPU.ActiveCfg = Debug|Any CPU
		{226B364C-F78D-4363-96D6-AB4ED2A6E46C}.Debug|Any CPU.Build.0 = Debug|Any CPU
		{226B364C-F78D-4363-96D6-AB4ED2A6E46C}.Debug|x64.ActiveCfg = Debug|Any CPU
		{226B364C-F78D-4363-96D6-AB4ED2A6E46C}.Debug|x64.Build.0 = Debug|Any CPU
		{226B364C-F78D-4363-96D6-AB4ED2A6E46C}.Debug|x86.ActiveCfg = Debug|Any CPU
		{226B364C-F78D-4363-96D6-AB4ED2A6E46C}.Debug|x86.Build.0 = Debug|Any CPU
		{226B364C-F78D-4363-96D6-AB4ED2A6E46C}.Release|Any CPU.ActiveCfg = Release|Any CPU
		{226B364C-F78D-4363-96D6-AB4ED2A6E46C}.Release|Any CPU.Build.0 = Release|Any CPU
		{226B364C-F78D-4363-96D6-AB4ED2A6E46C}.Release|x64.ActiveCfg = Release|Any CPU
		{226B364C-F78D-4363-96D6-AB4ED2A6E46C}.Release|x64.Build.0 = Release|Any CPU
		{226B364C-F78D-4363-96D6-AB4ED2A6E46C}.Release|x86.ActiveCfg = Release|Any CPU
		{226B364C-F78D-4363-96D6-AB4ED2A6E46C}.Release|x86.Build.0 = Release|Any CPU
	EndGlobalSection
	GlobalSection(SolutionProperties) = preSolution
		HideSolutionNode = FALSE
	EndGlobalSection
	GlobalSection(ExtensibilityGlobals) = postSolution
		SolutionGuid = {A50CD829-E312-4420-ADAC-489AC87F56D1}
	EndGlobalSection
EndGlobal
